Microsoft Visual Studio Solution File, Format Version 7.00
Project("{8BC9CEB8-8B4A-11D0-8D11-00A0C91BC942}") = "hsplit_LIB", "hsplit_LIB\hsplit_LIB.vcproj", "{691AD7C5-7E85-4F9F-A0A4-706475FAFFCD}"
EndProject
Project("{8BC9CEB8-8B4A-11D0-8D11-00A0C91BC942}") = "hsplit", "hsplit\hsplit.vcproj", "{54F81972-6E04-449B-B3F1-9D6797B0BCDE}"
EndProject
Global
	GlobalSection(SolutionConfiguration) = preSolution
		ConfigName.0 = Debug
		ConfigName.1 = Release
	EndGlobalSection
	GlobalSection(ProjectDependencies) = postSolution
	EndGlobalSection
	GlobalSection(ProjectConfiguration) = postSolution
		{691AD7C5-7E85-4F9F-A0A4-706475FAFFCD}.Debug.ActiveCfg = Debug|Win32
		{691AD7C5-7E85-4F9F-A0A4-706475FAFFCD}.Debug.Build.0 = Debug|Win32
		{691AD7C5-7E85-4F9F-A0A4-706475FAFFCD}.Release.ActiveCfg = Release|Win32
		{691AD7C5-7E85-4F9F-A0A4-706475FAFFCD}.Release.Build.0 = Release|Win32
		{54F81972-6E04-449B-B3F1-9D6797B0BCDE}.Debug.ActiveCfg = Debug|Win32
		{54F81972-6E04-449B-B3F1-9D6797B0BCDE}.Debug.Build.0 = Debug|Win32
		{54F81972-6E04-449B-B3F1-9D6797B0BCDE}.Release.ActiveCfg = Release|Win32
		{54F81972-6E04-449B-B3F1-9D6797B0BCDE}.Release.Build.0 = Release|Win32
	EndGlobalSection
	GlobalSection(ExtensibilityGlobals) = postSolution
	EndGlobalSection
	GlobalSection(ExtensibilityAddIns) = postSolution
	EndGlobalSection
EndGlobal
